# This file is automatically @generated by Cargo.
# It is not intended for manual editing.
version = 4

[[package]]
name = "pangopup-build"
version = "0.1.0"
dependencies = [
 "pangopup-core",
 "pangopup-index",
]

[[package]]
name = "pangopup-cli"
version = "0.1.0"
dependencies = [
 "pangopup-core",
 "pangopup-index",
]

[[package]]
name = "pangopup-core"
version = "0.1.0"

[[package]]
name = "pangopup-index"
version = "0.1.0"
dependencies = [
 "pangopup-core",
]
